
Microsoft Visual Studio Solution File, Format Version 12.00
# Visual Studio Version 17
VisualStudioVersion = 17.0.32112.339
MinimumVisualStudioVersion = 10.0.40219.1
Project("{9A19103F-16F7-4668-BE54-9A1E7A4F7556}") = "MoonMissing", "MoonMissing\MoonMissing.csproj", "{46A6E3F2-6E56-4571-8E3C-08050B9E7E5D}"
EndProject
Project("{9A19103F-16F7-4668-BE54-9A1E7A4F7556}") = "MoonMissing.Data", "MoonMissing.Data\MoonMissing.Data.csproj", "{6D9F54E5-DA48-4F67-BDAF-599C5FF4CC7D}"
EndProject
Project("{9A19103F-16F7-4668-BE54-9A1E7A4F7556}") = "MoonMissing.Data.Deploy", "MoonMissing.Data.Deploy\MoonMissing.Data.Deploy.csproj", "{A90EF38A-A142-4986-889F-645AECC43A19}"
EndProject
Project("{9A19103F-16F7-4668-BE54-9A1E7A4F7556}") = "MoonMissing.Data.Assistant", "MoonMissing.Data.Assistant\MoonMissing.Data.Assistant.csproj", "{B36DFC7E-4A90-49C6-A4A1-A60A98CDBDF5}"
EndProject
Project("{9A19103F-16F7-4668-BE54-9A1E7A4F7556}") = "MoonMissing.WPF.Shared", "MoonMissing.WPF.Shared\MoonMissing.WPF.Shared.csproj", "{C4C38E1C-A20B-4AB6-84A9-078125D7CC24}"
EndProject
Global
	GlobalSection(SolutionConfigurationPlatforms) = preSolution
		Debug|Any CPU = Debug|Any CPU
		Release|Any CPU = Release|Any CPU
	EndGlobalSection
	GlobalSection(ProjectConfigurationPlatforms) = postSolution
		{46A6E3F2-6E56-4571-8E3C-08050B9E7E5D}.Debug|Any CPU.ActiveCfg = Debug|Any CPU
		{46A6E3F2-6E56-4571-8E3C-08050B9E7E5D}.Debug|Any CPU.Build.0 = Debug|Any CPU
		{46A6E3F2-6E56-4571-8E3C-08050B9E7E5D}.Release|Any CPU.ActiveCfg = Release|Any CPU
		{46A6E3F2-6E56-4571-8E3C-08050B9E7E5D}.Release|Any CPU.Build.0 = Release|Any CPU
		{6D9F54E5-DA48-4F67-BDAF-599C5FF4CC7D}.Debug|Any CPU.ActiveCfg = Debug|Any CPU
		{6D9F54E5-DA48-4F67-BDAF-599C5FF4CC7D}.Debug|Any CPU.Build.0 = Debug|Any CPU
		{6D9F54E5-DA48-4F67-BDAF-599C5FF4CC7D}.Release|Any CPU.ActiveCfg = Release|Any CPU
		{6D9F54E5-DA48-4F67-BDAF-599C5FF4CC7D}.Release|Any CPU.Build.0 = Release|Any CPU
		{A90EF38A-A142-4986-889F-645AECC43A19}.Debug|Any CPU.ActiveCfg = Debug|Any CPU
		{A90EF38A-A142-4986-889F-645AECC43A19}.Debug|Any CPU.Build.0 = Debug|Any CPU
		{A90EF38A-A142-4986-889F-645AECC43A19}.Release|Any CPU.ActiveCfg = Release|Any CPU
		{A90EF38A-A142-4986-889F-645AECC43A19}.Release|Any CPU.Build.0 = Release|Any CPU
		{B36DFC7E-4A90-49C6-A4A1-A60A98CDBDF5}.Debug|Any CPU.ActiveCfg = Debug|Any CPU
		{B36DFC7E-4A90-49C6-A4A1-A60A98CDBDF5}.Debug|Any CPU.Build.0 = Debug|Any CPU
		{B36DFC7E-4A90-49C6-A4A1-A60A98CDBDF5}.Release|Any CPU.ActiveCfg = Release|Any CPU
		{B36DFC7E-4A90-49C6-A4A1-A60A98CDBDF5}.Release|Any CPU.Build.0 = Release|Any CPU
		{C4C38E1C-A20B-4AB6-84A9-078125D7CC24}.Debug|Any CPU.ActiveCfg = Debug|Any CPU
		{C4C38E1C-A20B-4AB6-84A9-078125D7CC24}.Debug|Any CPU.Build.0 = Debug|Any CPU
		{C4C38E1C-A20B-4AB6-84A9-078125D7CC24}.Release|Any CPU.ActiveCfg = Release|Any CPU
		{C4C38E1C-A20B-4AB6-84A9-078125D7CC24}.Release|Any CPU.Build.0 = Release|Any CPU
	EndGlobalSection
	GlobalSection(SolutionProperties) = preSolution
		HideSolutionNode = FALSE
	EndGlobalSection
	GlobalSection(ExtensibilityGlobals) = postSolution
		SolutionGuid = {F03E05E8-DFB7-4290-8576-99B97438E006}
	EndGlobalSection
EndGlobal
